{
  "name": "hardhat-project",
  "requires": true,
  "lockfileVersion": 1,
  "dependencies": {
    "@nomicfoundation/hardhat-toolbox": {
      "version": "2.0.0",
      "resolved": "https://registry.npmjs.org/@nomicfoundation/hardhat-toolbox/-/hardhat-toolbox-2.0.0.tgz",
      "integrity": "sha512-BoOPbzLQ1GArnBZd4Jz4IU8FY3RY4nUwpXlfymXwxlXNimngkPRJj7ivVNurD7igohEjf90v/Axn2M5WwAdCJQ==",
      "dev": true
    }
  }
}
